
Microsoft Visual Studio Solution File, Format Version 12.00
# Visual Studio Version 16
VisualStudioVersion = 16.6.30114.105
MinimumVisualStudioVersion = 10.0.40219.1
Project("{9A19103F-16F7-4668-BE54-9A1E7A4F7556}") = "R5T.T0106", "R5T.T0106\R5T.T0106.csproj", "{8B684FA5-8757-4DD7-8E13-CF4432B54CFD}"
EndProject
Project("{2150E333-8FDC-42A3-9474-1A3956D46DE8}") = "_Dependencies", "_Dependencies", "{3B6ED7D0-2EA6-4235-9683-548073EE31B2}"
EndProject
Project("{9A19103F-16F7-4668-BE54-9A1E7A4F7556}") = "R5T.T0105", "..\..\R5T.T0105\source\R5T.T0105\R5T.T0105.csproj", "{65793835-E6FD-4A10-98A9-81F6ED139385}"
EndProject
Project("{9A19103F-16F7-4668-BE54-9A1E7A4F7556}") = "R5T.T0106.X000", "R5T.T0106.X000\R5T.T0106.X000.csproj", "{4D7D722D-E657-4902-B506-7D61B2A2F6F5}"
EndProject
Project("{9A19103F-16F7-4668-BE54-9A1E7A4F7556}") = "R5T.Magyar", "..\..\R5T.Magyar\source\R5T.Magyar\R5T.Magyar.csproj", "{61203183-AF3A-4035-9E79-8AFED5DF2517}"
EndProject
Project("{9A19103F-16F7-4668-BE54-9A1E7A4F7556}") = "R5T.T0041.X002", "..\..\R5T.T0041\source\R5T.T0041.X002\R5T.T0041.X002.csproj", "{52029AF8-9EA7-4BFC-80D6-674F074E5FFF}"
EndProject
Project("{9A19103F-16F7-4668-BE54-9A1E7A4F7556}") = "R5T.T0044.X001", "..\..\R5T.T0044\source\R5T.T0044.X001\R5T.T0044.X001.csproj", "{8AAB0F3F-5825-43F5-BC47-0E6C686C780B}"
EndProject
Global
	GlobalSection(SolutionConfigurationPlatforms) = preSolution
		Debug|Any CPU = Debug|Any CPU
		Debug|x64 = Debug|x64
		Debug|x86 = Debug|x86
		Release|Any CPU = Release|Any CPU
		Release|x64 = Release|x64
		Release|x86 = Release|x86
	EndGlobalSection
	GlobalSection(ProjectConfigurationPlatforms) = postSolution
		{8B684FA5-8757-4DD7-8E13-CF4432B54CFD}.Debug|Any CPU.ActiveCfg = Debug|Any CPU
		{8B684FA5-8757-4DD7-8E13-CF4432B54CFD}.Debug|Any CPU.Build.0 = Debug|Any CPU
		{8B684FA5-8757-4DD7-8E13-CF4432B54CFD}.Debug|x64.ActiveCfg = Debug|Any CPU
		{8B684FA5-8757-4DD7-8E13-CF4432B54CFD}.Debug|x64.Build.0 = Debug|Any CPU
		{8B684FA5-8757-4DD7-8E13-CF4432B54CFD}.Debug|x86.ActiveCfg = Debug|Any CPU
		{8B684FA5-8757-4DD7-8E13-CF4432B54CFD}.Debug|x86.Build.0 = Debug|Any CPU
		{8B684FA5-8757-4DD7-8E13-CF4432B54CFD}.Release|Any CPU.ActiveCfg = Release|Any CPU
		{8B684FA5-8757-4DD7-8E13-CF4432B54CFD}.Release|Any CPU.Build.0 = Release|Any CPU
		{8B684FA5-8757-4DD7-8E13-CF4432B54CFD}.Release|x64.ActiveCfg = Release|Any CPU
		{8B684FA5-8757-4DD7-8E13-CF4432B54CFD}.Release|x64.Build.0 = Release|Any CPU
		{8B684FA5-8757-4DD7-8E13-CF4432B54CFD}.Release|x86.ActiveCfg = Release|Any CPU
		{8B684FA5-8757-4DD7-8E13-CF4432B54CFD}.Release|x86.Build.0 = Release|Any CPU
		{65793835-E6FD-4A10-98A9-81F6ED139385}.Debug|Any CPU.ActiveCfg = Debug|Any CPU
		{65793835-E6FD-4A10-98A9-81F6ED139385}.Debug|Any CPU.Build.0 = Debug|Any CPU
		{65793835-E6FD-4A10-98A9-81F6ED139385}.Debug|x64.ActiveCfg = Debug|Any CPU
		{65793835-E6FD-4A10-98A9-81F6ED139385}.Debug|x64.Build.0 = Debug|Any CPU
		{65793835-E6FD-4A10-98A9-81F6ED139385}.Debug|x86.ActiveCfg = Debug|Any CPU
		{65793835-E6FD-4A10-98A9-81F6ED139385}.Debug|x86.Build.0 = Debug|Any CPU
		{65793835-E6FD-4A10-98A9-81F6ED139385}.Release|Any CPU.ActiveCfg = Release|Any CPU
		{65793835-E6FD-4A10-98A9-81F6ED139385}.Release|Any CPU.Build.0 = Release|Any CPU
		{65793835-E6FD-4A10-98A9-81F6ED139385}.Release|x64.ActiveCfg = Release|Any CPU
		{65793835-E6FD-4A10-98A9-81F6ED139385}.Release|x64.Build.0 = Release|Any CPU
		{65793835-E6FD-4A10-98A9-81F6ED139385}.Release|x86.ActiveCfg = Release|Any CPU
		{65793835-E6FD-4A10-98A9-81F6ED139385}.Release|x86.Build.0 = Release|Any CPU
		{4D7D722D-E657-4902-B506-7D61B2A2F6F5}.Debug|Any CPU.ActiveCfg = Debug|Any CPU
		{4D7D722D-E657-4902-B506-7D61B2A2F6F5}.Debug|Any CPU.Build.0 = Debug|Any CPU
		{4D7D722D-E657-4902-B506-7D61B2A2F6F5}.Debug|x64.ActiveCfg = Debug|Any CPU
		{4D7D722D-E657-4902-B506-7D61B2A2F6F5}.Debug|x64.Build.0 = Debug|Any CPU
		{4D7D722D-E657-4902-B506-7D61B2A2F6F5}.Debug|x86.ActiveCfg = Debug|Any CPU
		{4D7D722D-E657-4902-B506-7D61B2A2F6F5}.Debug|x86.Build.0 = Debug|Any CPU
		{4D7D722D-E657-4902-B506-7D61B2A2F6F5}.Release|Any CPU.ActiveCfg = Release|Any CPU
		{4D7D722D-E657-4902-B506-7D61B2A2F6F5}.Release|Any CPU.Build.0 = Release|Any CPU
		{4D7D722D-E657-4902-B506-7D61B2A2F6F5}.Release|x64.ActiveCfg = Release|Any CPU
		{4D7D722D-E657-4902-B506-7D61B2A2F6F5}.Release|x64.Build.0 = Release|Any CPU
		{4D7D722D-E657-4902-B506-7D61B2A2F6F5}.Release|x86.ActiveCfg = Release|Any CPU
		{4D7D722D-E657-4902-B506-7D61B2A2F6F5}.Release|x86.Build.0 = Release|Any CPU
		{61203183-AF3A-4035-9E79-8AFED5DF2517}.Debug|Any CPU.ActiveCfg = Debug|Any CPU
		{61203183-AF3A-4035-9E79-8AFED5DF2517}.Debug|Any CPU.Build.0 = Debug|Any CPU
		{61203183-AF3A-4035-9E79-8AFED5DF2517}.Debug|x64.ActiveCfg = Debug|Any CPU
		{61203183-AF3A-4035-9E79-8AFED5DF2517}.Debug|x64.Build.0 = Debug|Any CPU
		{61203183-AF3A-4035-9E79-8AFED5DF2517}.Debug|x86.ActiveCfg = Debug|Any CPU
		{61203183-AF3A-4035-9E79-8AFED5DF2517}.Debug|x86.Build.0 = Debug|Any CPU
		{61203183-AF3A-4035-9E79-8AFED5DF2517}.Release|Any CPU.ActiveCfg = Release|Any CPU
		{61203183-AF3A-4035-9E79-8AFED5DF2517}.Release|Any CPU.Build.0 = Release|Any CPU
		{61203183-AF3A-4035-9E79-8AFED5DF2517}.Release|x64.ActiveCfg = Release|Any CPU
		{61203183-AF3A-4035-9E79-8AFED5DF2517}.Release|x64.Build.0 = Release|Any CPU
		{61203183-AF3A-4035-9E79-8AFED5DF2517}.Release|x86.ActiveCfg = Release|Any CPU
		{61203183-AF3A-4035-9E79-8AFED5DF2517}.Release|x86.Build.0 = Release|Any CPU
		{52029AF8-9EA7-4BFC-80D6-674F074E5FFF}.Debug|Any CPU.ActiveCfg = Debug|Any CPU
		{52029AF8-9EA7-4BFC-80D6-674F074E5FFF}.Debug|Any CPU.Build.0 = Debug|Any CPU
		{52029AF8-9EA7-4BFC-80D6-674F074E5FFF}.Debug|x64.ActiveCfg = Debug|Any CPU
		{52029AF8-9EA7-4BFC-80D6-674F074E5FFF}.Debug|x64.Build.0 = Debug|Any CPU
		{52029AF8-9EA7-4BFC-80D6-674F074E5FFF}.Debug|x86.ActiveCfg = Debug|Any CPU
		{52029AF8-9EA7-4BFC-80D6-674F074E5FFF}.Debug|x86.Build.0 = Debug|Any CPU
		{52029AF8-9EA7-4BFC-80D6-674F074E5FFF}.Release|Any CPU.ActiveCfg = Release|Any CPU
		{52029AF8-9EA7-4BFC-80D6-674F074E5FFF}.Release|Any CPU.Build.0 = Release|Any CPU
		{52029AF8-9EA7-4BFC-80D6-674F074E5FFF}.Release|x64.ActiveCfg = Release|Any CPU
		{52029AF8-9EA7-4BFC-80D6-674F074E5FFF}.Release|x64.Build.0 = Release|Any CPU
		{52029AF8-9EA7-4BFC-80D6-674F074E5FFF}.Release|x86.ActiveCfg = Release|Any CPU
		{52029AF8-9EA7-4BFC-80D6-674F074E5FFF}.Release|x86.Build.0 = Release|Any CPU
		{8AAB0F3F-5825-43F5-BC47-0E6C686C780B}.Debug|Any CPU.ActiveCfg = Debug|Any CPU
		{8AAB0F3F-5825-43F5-BC47-0E6C686C780B}.Debug|Any CPU.Build.0 = Debug|Any CPU
		{8AAB0F3F-5825-43F5-BC47-0E6C686C780B}.Debug|x64.ActiveCfg = Debug|Any CPU
		{8AAB0F3F-5825-43F5-BC47-0E6C686C780B}.Debug|x64.Build.0 = Debug|Any CPU
		{8AAB0F3F-5825-43F5-BC47-0E6C686C780B}.Debug|x86.ActiveCfg = Debug|Any CPU
		{8AAB0F3F-5825-43F5-BC47-0E6C686C780B}.Debug|x86.Build.0 = Debug|Any CPU
		{8AAB0F3F-5825-43F5-BC47-0E6C686C780B}.Release|Any CPU.ActiveCfg = Release|Any CPU
		{8AAB0F3F-5825-43F5-BC47-0E6C686C780B}.Release|Any CPU.Build.0 = Release|Any CPU
		{8AAB0F3F-5825-43F5-BC47-0E6C686C780B}.Release|x64.ActiveCfg = Release|Any CPU
		{8AAB0F3F-5825-43F5-BC47-0E6C686C780B}.Release|x64.Build.0 = Release|Any CPU
		{8AAB0F3F-5825-43F5-BC47-0E6C686C780B}.Release|x86.ActiveCfg = Release|Any CPU
		{8AAB0F3F-5825-43F5-BC47-0E6C686C780B}.Release|x86.Build.0 = Release|Any CPU
	EndGlobalSection
	GlobalSection(SolutionProperties) = preSolution
		HideSolutionNode = FALSE
	EndGlobalSection
	GlobalSection(NestedProjects) = preSolution
		{65793835-E6FD-4A10-98A9-81F6ED139385} = {3B6ED7D0-2EA6-4235-9683-548073EE31B2}
		{61203183-AF3A-4035-9E79-8AFED5DF2517} = {3B6ED7D0-2EA6-4235-9683-548073EE31B2}
		{52029AF8-9EA7-4BFC-80D6-674F074E5FFF} = {3B6ED7D0-2EA6-4235-9683-548073EE31B2}
		{8AAB0F3F-5825-43F5-BC47-0E6C686C780B} = {3B6ED7D0-2EA6-4235-9683-548073EE31B2}
	EndGlobalSection
	GlobalSection(ExtensibilityGlobals) = postSolution
		SolutionGuid = {3C8BCBDE-6761-4C2C-8439-B5524DF54448}
	EndGlobalSection
EndGlobal
